
Microsoft Visual Studio Solution File, Format Version 12.00
# Visual Studio 15
VisualStudioVersion = 15.0.28307.271
MinimumVisualStudioVersion = 10.0.40219.1
Project("{FAE04EC0-301F-11D3-BF4B-00C04F79EFBC}") = "Tanuki243.SimpleCalculator", "Tanuki243.SimpleCalculator\Tanuki243.SimpleCalculator.csproj", "{B880E79B-6228-40CF-9AC3-ED479ECB331B}"
EndProject
Global
	GlobalSection(SolutionConfigurationPlatforms) = preSolution
		Debug|Any CPU = Debug|Any CPU
		Release|Any CPU = Release|Any CPU
	EndGlobalSection
	GlobalSection(ProjectConfigurationPlatforms) = postSolution
		{B880E79B-6228-40CF-9AC3-ED479ECB331B}.Debug|Any CPU.ActiveCfg = Debug|Any CPU
		{B880E79B-6228-40CF-9AC3-ED479ECB331B}.Debug|Any CPU.Build.0 = Debug|Any CPU
		{B880E79B-6228-40CF-9AC3-ED479ECB331B}.Release|Any CPU.ActiveCfg = Release|Any CPU
		{B880E79B-6228-40CF-9AC3-ED479ECB331B}.Release|Any CPU.Build.0 = Release|Any CPU
	EndGlobalSection
	GlobalSection(SolutionProperties) = preSolution
		HideSolutionNode = FALSE
	EndGlobalSection
	GlobalSection(ExtensibilityGlobals) = postSolution
		SolutionGuid = {B5EAB372-73A4-4D37-8E98-07E020FA260C}
	EndGlobalSection
EndGlobal
